
Microsoft Visual Studio Solution File, Format Version 12.00
# Visual Studio 14
VisualStudioVersion = 14.0.24720.0
MinimumVisualStudioVersion = 10.0.40219.1
Project("{FAE04EC0-301F-11D3-BF4B-00C04F79EFBC}") = "Strategy", "Command\Strategy.csproj", "{C27E7FA7-78D7-4E6C-BDA1-414D2F9004BC}"
EndProject
Global
	GlobalSection(SolutionConfigurationPlatforms) = preSolution
		Debug|Any CPU = Debug|Any CPU
		Release|Any CPU = Release|Any CPU
	EndGlobalSection
	GlobalSection(ProjectConfigurationPlatforms) = postSolution
		{C27E7FA7-78D7-4E6C-BDA1-414D2F9004BC}.Debug|Any CPU.ActiveCfg = Debug|Any CPU
		{C27E7FA7-78D7-4E6C-BDA1-414D2F9004BC}.Debug|Any CPU.Build.0 = Debug|Any CPU
		{C27E7FA7-78D7-4E6C-BDA1-414D2F9004BC}.Release|Any CPU.ActiveCfg = Release|Any CPU
		{C27E7FA7-78D7-4E6C-BDA1-414D2F9004BC}.Release|Any CPU.Build.0 = Release|Any CPU
	EndGlobalSection
	GlobalSection(SolutionProperties) = preSolution
		HideSolutionNode = FALSE
	EndGlobalSection
EndGlobal
