
Microsoft Visual Studio Solution File, Format Version 12.00
# Visual Studio 2013
VisualStudioVersion = 12.0.21005.1
MinimumVisualStudioVersion = 10.0.40219.1
Project("{FAE04EC0-301F-11D3-BF4B-00C04F79EFBC}") = "z010", "z010\z010.csproj", "{AC300FA1-2599-4883-90A8-DA42DACFDDFB}"
EndProject
Global
	GlobalSection(SolutionConfigurationPlatforms) = preSolution
		Debug|Any CPU = Debug|Any CPU
		Release|Any CPU = Release|Any CPU
	EndGlobalSection
	GlobalSection(ProjectConfigurationPlatforms) = postSolution
		{AC300FA1-2599-4883-90A8-DA42DACFDDFB}.Debug|Any CPU.ActiveCfg = Debug|Any CPU
		{AC300FA1-2599-4883-90A8-DA42DACFDDFB}.Debug|Any CPU.Build.0 = Debug|Any CPU
		{AC300FA1-2599-4883-90A8-DA42DACFDDFB}.Release|Any CPU.ActiveCfg = Release|Any CPU
		{AC300FA1-2599-4883-90A8-DA42DACFDDFB}.Release|Any CPU.Build.0 = Release|Any CPU
	EndGlobalSection
	GlobalSection(SolutionProperties) = preSolution
		HideSolutionNode = FALSE
	EndGlobalSection
EndGlobal
