
Microsoft Visual Studio Solution File, Format Version 12.00
# Visual Studio 14
VisualStudioVersion = 14.0.25420.1
MinimumVisualStudioVersion = 10.0.40219.1
Project("{FAE04EC0-301F-11D3-BF4B-00C04F79EFBC}") = "AnimalTest", "AnimalTest\AnimalTest.csproj", "{67C3631F-3AF1-49DA-A8E7-4C0FAE79D019}"
EndProject
Global
	GlobalSection(SolutionConfigurationPlatforms) = preSolution
		Debug|Any CPU = Debug|Any CPU
		Release|Any CPU = Release|Any CPU
	EndGlobalSection
	GlobalSection(ProjectConfigurationPlatforms) = postSolution
		{67C3631F-3AF1-49DA-A8E7-4C0FAE79D019}.Debug|Any CPU.ActiveCfg = Debug|Any CPU
		{67C3631F-3AF1-49DA-A8E7-4C0FAE79D019}.Debug|Any CPU.Build.0 = Debug|Any CPU
		{67C3631F-3AF1-49DA-A8E7-4C0FAE79D019}.Release|Any CPU.ActiveCfg = Release|Any CPU
		{67C3631F-3AF1-49DA-A8E7-4C0FAE79D019}.Release|Any CPU.Build.0 = Release|Any CPU
	EndGlobalSection
	GlobalSection(SolutionProperties) = preSolution
		HideSolutionNode = FALSE
	EndGlobalSection
EndGlobal
