
Microsoft Visual Studio Solution File, Format Version 12.00
# Visual Studio 2013
VisualStudioVersion = 12.0.30723.0
MinimumVisualStudioVersion = 10.0.40219.1
Project("{FAE04EC0-301F-11D3-BF4B-00C04F79EFBC}") = "Test003", "Test003\Test003.csproj", "{51FA53E7-FAA5-400D-9C94-B8ABE9D63707}"
EndProject
Global
	GlobalSection(SolutionConfigurationPlatforms) = preSolution
		Debug|Any CPU = Debug|Any CPU
		Release|Any CPU = Release|Any CPU
	EndGlobalSection
	GlobalSection(ProjectConfigurationPlatforms) = postSolution
		{51FA53E7-FAA5-400D-9C94-B8ABE9D63707}.Debug|Any CPU.ActiveCfg = Debug|Any CPU
		{51FA53E7-FAA5-400D-9C94-B8ABE9D63707}.Debug|Any CPU.Build.0 = Debug|Any CPU
		{51FA53E7-FAA5-400D-9C94-B8ABE9D63707}.Release|Any CPU.ActiveCfg = Release|Any CPU
		{51FA53E7-FAA5-400D-9C94-B8ABE9D63707}.Release|Any CPU.Build.0 = Release|Any CPU
	EndGlobalSection
	GlobalSection(SolutionProperties) = preSolution
		HideSolutionNode = FALSE
	EndGlobalSection
EndGlobal
