
Microsoft Visual Studio Solution File, Format Version 9.00
# Visual Studio 2005
Project("{FAE04EC0-301F-11D3-BF4B-00C04F79EFBC}") = "ClientServer", "ClientServer.csproj", "{CA7AFF32-3038-4F23-9107-A4787BD96798}"
EndProject
Project("{FAE04EC0-301F-11D3-BF4B-00C04F79EFBC}") = "Server", "..\Server\Server.csproj", "{C5DC9424-CC98-4054-8ADC-2C611463CFCD}"
EndProject
Global
	GlobalSection(SolutionConfigurationPlatforms) = preSolution
		Debug|Any CPU = Debug|Any CPU
		Release|Any CPU = Release|Any CPU
	EndGlobalSection
	GlobalSection(ProjectConfigurationPlatforms) = postSolution
		{CA7AFF32-3038-4F23-9107-A4787BD96798}.Debug|Any CPU.ActiveCfg = Debug|Any CPU
		{CA7AFF32-3038-4F23-9107-A4787BD96798}.Debug|Any CPU.Build.0 = Debug|Any CPU
		{CA7AFF32-3038-4F23-9107-A4787BD96798}.Release|Any CPU.ActiveCfg = Release|Any CPU
		{CA7AFF32-3038-4F23-9107-A4787BD96798}.Release|Any CPU.Build.0 = Release|Any CPU
		{C5DC9424-CC98-4054-8ADC-2C611463CFCD}.Debug|Any CPU.ActiveCfg = Debug|Any CPU
		{C5DC9424-CC98-4054-8ADC-2C611463CFCD}.Debug|Any CPU.Build.0 = Debug|Any CPU
		{C5DC9424-CC98-4054-8ADC-2C611463CFCD}.Release|Any CPU.ActiveCfg = Release|Any CPU
		{C5DC9424-CC98-4054-8ADC-2C611463CFCD}.Release|Any CPU.Build.0 = Release|Any CPU
	EndGlobalSection
	GlobalSection(SolutionProperties) = preSolution
		HideSolutionNode = FALSE
	EndGlobalSection
EndGlobal
