
Microsoft Visual Studio Solution File, Format Version 12.00
# Visual Studio 14
VisualStudioVersion = 14.0.24720.0
MinimumVisualStudioVersion = 10.0.40219.1
Project("{FAE04EC0-301F-11D3-BF4B-00C04F79EFBC}") = "IntegerBoxTest", "IntegerBoxTest\IntegerBoxTest.csproj", "{3453B1CB-064B-4BBF-9CD2-A2CB57173693}"
EndProject
Project("{FAE04EC0-301F-11D3-BF4B-00C04F79EFBC}") = "IntegerBox", "IntegerBox\IntegerBox.csproj", "{9B664047-5F0E-4775-BF9A-6F29E0814D2D}"
EndProject
Global
	GlobalSection(SolutionConfigurationPlatforms) = preSolution
		Debug|Any CPU = Debug|Any CPU
		Release|Any CPU = Release|Any CPU
	EndGlobalSection
	GlobalSection(ProjectConfigurationPlatforms) = postSolution
		{3453B1CB-064B-4BBF-9CD2-A2CB57173693}.Debug|Any CPU.ActiveCfg = Debug|Any CPU
		{3453B1CB-064B-4BBF-9CD2-A2CB57173693}.Debug|Any CPU.Build.0 = Debug|Any CPU
		{3453B1CB-064B-4BBF-9CD2-A2CB57173693}.Release|Any CPU.ActiveCfg = Release|Any CPU
		{3453B1CB-064B-4BBF-9CD2-A2CB57173693}.Release|Any CPU.Build.0 = Release|Any CPU
		{9B664047-5F0E-4775-BF9A-6F29E0814D2D}.Debug|Any CPU.ActiveCfg = Debug|Any CPU
		{9B664047-5F0E-4775-BF9A-6F29E0814D2D}.Debug|Any CPU.Build.0 = Debug|Any CPU
		{9B664047-5F0E-4775-BF9A-6F29E0814D2D}.Release|Any CPU.ActiveCfg = Release|Any CPU
		{9B664047-5F0E-4775-BF9A-6F29E0814D2D}.Release|Any CPU.Build.0 = Release|Any CPU
	EndGlobalSection
	GlobalSection(SolutionProperties) = preSolution
		HideSolutionNode = FALSE
	EndGlobalSection
EndGlobal
