
Microsoft Visual Studio Solution File, Format Version 12.00
# Visual Studio 2012
Project("{FAE04EC0-301F-11D3-BF4B-00C04F79EFBC}") = "Test002", "Test002\Test002.csproj", "{07AB14AF-7D0B-4DB4-8B97-02F5F5C98B8A}"
EndProject
Global
	GlobalSection(SolutionConfigurationPlatforms) = preSolution
		Debug|Any CPU = Debug|Any CPU
		Release|Any CPU = Release|Any CPU
	EndGlobalSection
	GlobalSection(ProjectConfigurationPlatforms) = postSolution
		{07AB14AF-7D0B-4DB4-8B97-02F5F5C98B8A}.Debug|Any CPU.ActiveCfg = Debug|Any CPU
		{07AB14AF-7D0B-4DB4-8B97-02F5F5C98B8A}.Debug|Any CPU.Build.0 = Debug|Any CPU
		{07AB14AF-7D0B-4DB4-8B97-02F5F5C98B8A}.Release|Any CPU.ActiveCfg = Release|Any CPU
		{07AB14AF-7D0B-4DB4-8B97-02F5F5C98B8A}.Release|Any CPU.Build.0 = Release|Any CPU
	EndGlobalSection
	GlobalSection(SolutionProperties) = preSolution
		HideSolutionNode = FALSE
	EndGlobalSection
EndGlobal
