
Microsoft Visual Studio Solution File, Format Version 12.00
# Visual Studio Version 17
VisualStudioVersion = 17.6.33513.286
MinimumVisualStudioVersion = 10.0.40219.1
Project("{FAE04EC0-301F-11D3-BF4B-00C04F79EFBC}") = "OperacjeMacierzoweApp", "OperacjeMacierzoweApp\OperacjeMacierzoweApp.csproj", "{B6257236-8A38-4219-AAA7-9C6E2FD0F86B}"
EndProject
Project("{FAE04EC0-301F-11D3-BF4B-00C04F79EFBC}") = "OperacjeMacierzoweLibrary", "OperacjeMacierzoweLibrary\OperacjeMacierzoweLibrary.csproj", "{BE760130-7136-4D49-A3A4-A185AC9147A2}"
EndProject
Project("{FAE04EC0-301F-11D3-BF4B-00C04F79EFBC}") = "OperacjeMacierzoweTests", "OperacjeMacierzoweTests\OperacjeMacierzoweTests.csproj", "{C35D2EE3-8B22-426A-A0F8-56F62B6F2DC9}"
EndProject
Global
	GlobalSection(SolutionConfigurationPlatforms) = preSolution
		Debug|Any CPU = Debug|Any CPU
		Release|Any CPU = Release|Any CPU
	EndGlobalSection
	GlobalSection(ProjectConfigurationPlatforms) = postSolution
		{B6257236-8A38-4219-AAA7-9C6E2FD0F86B}.Debug|Any CPU.ActiveCfg = Debug|Any CPU
		{B6257236-8A38-4219-AAA7-9C6E2FD0F86B}.Debug|Any CPU.Build.0 = Debug|Any CPU
		{B6257236-8A38-4219-AAA7-9C6E2FD0F86B}.Release|Any CPU.ActiveCfg = Release|Any CPU
		{B6257236-8A38-4219-AAA7-9C6E2FD0F86B}.Release|Any CPU.Build.0 = Release|Any CPU
		{BE760130-7136-4D49-A3A4-A185AC9147A2}.Debug|Any CPU.ActiveCfg = Debug|Any CPU
		{BE760130-7136-4D49-A3A4-A185AC9147A2}.Debug|Any CPU.Build.0 = Debug|Any CPU
		{BE760130-7136-4D49-A3A4-A185AC9147A2}.Release|Any CPU.ActiveCfg = Release|Any CPU
		{BE760130-7136-4D49-A3A4-A185AC9147A2}.Release|Any CPU.Build.0 = Release|Any CPU
		{C35D2EE3-8B22-426A-A0F8-56F62B6F2DC9}.Debug|Any CPU.ActiveCfg = Debug|Any CPU
		{C35D2EE3-8B22-426A-A0F8-56F62B6F2DC9}.Debug|Any CPU.Build.0 = Debug|Any CPU
		{C35D2EE3-8B22-426A-A0F8-56F62B6F2DC9}.Release|Any CPU.ActiveCfg = Release|Any CPU
		{C35D2EE3-8B22-426A-A0F8-56F62B6F2DC9}.Release|Any CPU.Build.0 = Release|Any CPU
	EndGlobalSection
	GlobalSection(SolutionProperties) = preSolution
		HideSolutionNode = FALSE
	EndGlobalSection
	GlobalSection(ExtensibilityGlobals) = postSolution
		SolutionGuid = {F5DDA8D3-26FE-4BB6-BDB0-7078A3C89613}
	EndGlobalSection
EndGlobal
