
Microsoft Visual Studio Solution File, Format Version 12.00
# Visual Studio 14
VisualStudioVersion = 14.0.25123.0
MinimumVisualStudioVersion = 10.0.40219.1
Project("{FAE04EC0-301F-11D3-BF4B-00C04F79EFBC}") = "Biblioteka", "Biblioteka\Biblioteka.csproj", "{F6FC150E-FAEF-4FC8-913E-D553BC23128C}"
EndProject
Global
	GlobalSection(SolutionConfigurationPlatforms) = preSolution
		Debug|Any CPU = Debug|Any CPU
		Release|Any CPU = Release|Any CPU
	EndGlobalSection
	GlobalSection(ProjectConfigurationPlatforms) = postSolution
		{F6FC150E-FAEF-4FC8-913E-D553BC23128C}.Debug|Any CPU.ActiveCfg = Debug|Any CPU
		{F6FC150E-FAEF-4FC8-913E-D553BC23128C}.Debug|Any CPU.Build.0 = Debug|Any CPU
		{F6FC150E-FAEF-4FC8-913E-D553BC23128C}.Release|Any CPU.ActiveCfg = Release|Any CPU
		{F6FC150E-FAEF-4FC8-913E-D553BC23128C}.Release|Any CPU.Build.0 = Release|Any CPU
	EndGlobalSection
	GlobalSection(SolutionProperties) = preSolution
		HideSolutionNode = FALSE
	EndGlobalSection
EndGlobal
