
Microsoft Visual Studio Solution File, Format Version 12.00
# Visual Studio 14
VisualStudioVersion = 14.0.24720.0
MinimumVisualStudioVersion = 10.0.40219.1
Project("{FAE04EC0-301F-11D3-BF4B-00C04F79EFBC}") = "UserControlEmploee", "UserControlEmploee\UserControlEmploee.csproj", "{BF141C41-4CCF-46E4-AEA0-3CD653310443}"
EndProject
Global
	GlobalSection(SolutionConfigurationPlatforms) = preSolution
		Debug|Any CPU = Debug|Any CPU
		Release|Any CPU = Release|Any CPU
	EndGlobalSection
	GlobalSection(ProjectConfigurationPlatforms) = postSolution
		{BF141C41-4CCF-46E4-AEA0-3CD653310443}.Debug|Any CPU.ActiveCfg = Debug|Any CPU
		{BF141C41-4CCF-46E4-AEA0-3CD653310443}.Debug|Any CPU.Build.0 = Debug|Any CPU
		{BF141C41-4CCF-46E4-AEA0-3CD653310443}.Release|Any CPU.ActiveCfg = Release|Any CPU
		{BF141C41-4CCF-46E4-AEA0-3CD653310443}.Release|Any CPU.Build.0 = Release|Any CPU
	EndGlobalSection
	GlobalSection(SolutionProperties) = preSolution
		HideSolutionNode = FALSE
	EndGlobalSection
EndGlobal
