
Microsoft Visual Studio Solution File, Format Version 12.00
# Visual Studio 14
VisualStudioVersion = 14.0.25420.1
MinimumVisualStudioVersion = 10.0.40219.1
Project("{FAE04EC0-301F-11D3-BF4B-00C04F79EFBC}") = "Chat", "Chat\Chat.csproj", "{B08D568E-CDF3-4739-B20E-5FAC96C705FA}"
EndProject
Global
	GlobalSection(SolutionConfigurationPlatforms) = preSolution
		Debug|Any CPU = Debug|Any CPU
		Release|Any CPU = Release|Any CPU
	EndGlobalSection
	GlobalSection(ProjectConfigurationPlatforms) = postSolution
		{B08D568E-CDF3-4739-B20E-5FAC96C705FA}.Debug|Any CPU.ActiveCfg = Debug|Any CPU
		{B08D568E-CDF3-4739-B20E-5FAC96C705FA}.Debug|Any CPU.Build.0 = Debug|Any CPU
		{B08D568E-CDF3-4739-B20E-5FAC96C705FA}.Release|Any CPU.ActiveCfg = Release|Any CPU
		{B08D568E-CDF3-4739-B20E-5FAC96C705FA}.Release|Any CPU.Build.0 = Release|Any CPU
	EndGlobalSection
	GlobalSection(SolutionProperties) = preSolution
		HideSolutionNode = FALSE
	EndGlobalSection
EndGlobal
