
Microsoft Visual Studio Solution File, Format Version 12.00
# Visual Studio 2013
VisualStudioVersion = 12.0.21005.1
MinimumVisualStudioVersion = 10.0.40219.1
Project("{FAE04EC0-301F-11D3-BF4B-00C04F79EFBC}") = "z012", "z012\z012.csproj", "{6F452F1C-5DC2-425C-AF35-D68F38D29F1D}"
EndProject
Global
	GlobalSection(SolutionConfigurationPlatforms) = preSolution
		Debug|Any CPU = Debug|Any CPU
		Release|Any CPU = Release|Any CPU
	EndGlobalSection
	GlobalSection(ProjectConfigurationPlatforms) = postSolution
		{6F452F1C-5DC2-425C-AF35-D68F38D29F1D}.Debug|Any CPU.ActiveCfg = Debug|Any CPU
		{6F452F1C-5DC2-425C-AF35-D68F38D29F1D}.Debug|Any CPU.Build.0 = Debug|Any CPU
		{6F452F1C-5DC2-425C-AF35-D68F38D29F1D}.Release|Any CPU.ActiveCfg = Release|Any CPU
		{6F452F1C-5DC2-425C-AF35-D68F38D29F1D}.Release|Any CPU.Build.0 = Release|Any CPU
	EndGlobalSection
	GlobalSection(SolutionProperties) = preSolution
		HideSolutionNode = FALSE
	EndGlobalSection
EndGlobal
