
Microsoft Visual Studio Solution File, Format Version 12.00
# Visual Studio Version 17
VisualStudioVersion = 17.6.33513.286
MinimumVisualStudioVersion = 10.0.40219.1
Project("{FAE04EC0-301F-11D3-BF4B-00C04F79EFBC}") = "Kalkulator", "Kalkulator.csproj", "{1D2F1A18-2564-40C7-A06F-69A58269E5DA}"
EndProject
Project("{FAE04EC0-301F-11D3-BF4B-00C04F79EFBC}") = "KalkulatorTests", "..\KalkulatorTests\KalkulatorTests.csproj", "{E4CE280A-E3BA-4308-A3DA-C4FA294523A6}"
EndProject
Global
	GlobalSection(SolutionConfigurationPlatforms) = preSolution
		Debug|Any CPU = Debug|Any CPU
		Release|Any CPU = Release|Any CPU
	EndGlobalSection
	GlobalSection(ProjectConfigurationPlatforms) = postSolution
		{1D2F1A18-2564-40C7-A06F-69A58269E5DA}.Debug|Any CPU.ActiveCfg = Debug|Any CPU
		{1D2F1A18-2564-40C7-A06F-69A58269E5DA}.Debug|Any CPU.Build.0 = Debug|Any CPU
		{1D2F1A18-2564-40C7-A06F-69A58269E5DA}.Release|Any CPU.ActiveCfg = Release|Any CPU
		{1D2F1A18-2564-40C7-A06F-69A58269E5DA}.Release|Any CPU.Build.0 = Release|Any CPU
		{E4CE280A-E3BA-4308-A3DA-C4FA294523A6}.Debug|Any CPU.ActiveCfg = Debug|Any CPU
		{E4CE280A-E3BA-4308-A3DA-C4FA294523A6}.Debug|Any CPU.Build.0 = Debug|Any CPU
		{E4CE280A-E3BA-4308-A3DA-C4FA294523A6}.Release|Any CPU.ActiveCfg = Release|Any CPU
		{E4CE280A-E3BA-4308-A3DA-C4FA294523A6}.Release|Any CPU.Build.0 = Release|Any CPU
	EndGlobalSection
	GlobalSection(SolutionProperties) = preSolution
		HideSolutionNode = FALSE
	EndGlobalSection
	GlobalSection(ExtensibilityGlobals) = postSolution
		SolutionGuid = {2D8E4BEE-A6D7-416B-84D3-3517CD492C9E}
	EndGlobalSection
EndGlobal
