
Microsoft Visual Studio Solution File, Format Version 12.00
# Visual Studio 2013
VisualStudioVersion = 12.0.30723.0
MinimumVisualStudioVersion = 10.0.40219.1
Project("{FAE04EC0-301F-11D3-BF4B-00C04F79EFBC}") = "Test008", "Test008\Test008.csproj", "{F127C701-45F6-4184-A25E-8727C26BD6A9}"
	ProjectSection(ProjectDependencies) = postProject
		{64B4CC2F-86D0-49B9-AF2F-FF3C7A5FB4A0} = {64B4CC2F-86D0-49B9-AF2F-FF3C7A5FB4A0}
	EndProjectSection
EndProject
Project("{FAE04EC0-301F-11D3-BF4B-00C04F79EFBC}") = "IntegerBox", "IntegerBox\IntegerBox.csproj", "{64B4CC2F-86D0-49B9-AF2F-FF3C7A5FB4A0}"
EndProject
Global
	GlobalSection(SolutionConfigurationPlatforms) = preSolution
		Debug|Any CPU = Debug|Any CPU
		Release|Any CPU = Release|Any CPU
	EndGlobalSection
	GlobalSection(ProjectConfigurationPlatforms) = postSolution
		{F127C701-45F6-4184-A25E-8727C26BD6A9}.Debug|Any CPU.ActiveCfg = Debug|Any CPU
		{F127C701-45F6-4184-A25E-8727C26BD6A9}.Debug|Any CPU.Build.0 = Debug|Any CPU
		{F127C701-45F6-4184-A25E-8727C26BD6A9}.Release|Any CPU.ActiveCfg = Release|Any CPU
		{F127C701-45F6-4184-A25E-8727C26BD6A9}.Release|Any CPU.Build.0 = Release|Any CPU
		{64B4CC2F-86D0-49B9-AF2F-FF3C7A5FB4A0}.Debug|Any CPU.ActiveCfg = Debug|Any CPU
		{64B4CC2F-86D0-49B9-AF2F-FF3C7A5FB4A0}.Debug|Any CPU.Build.0 = Debug|Any CPU
		{64B4CC2F-86D0-49B9-AF2F-FF3C7A5FB4A0}.Release|Any CPU.ActiveCfg = Release|Any CPU
		{64B4CC2F-86D0-49B9-AF2F-FF3C7A5FB4A0}.Release|Any CPU.Build.0 = Release|Any CPU
	EndGlobalSection
	GlobalSection(SolutionProperties) = preSolution
		HideSolutionNode = FALSE
	EndGlobalSection
EndGlobal
