
Microsoft Visual Studio Solution File, Format Version 12.00
# Visual Studio 2013
VisualStudioVersion = 12.0.30723.0
MinimumVisualStudioVersion = 10.0.40219.1
Project("{FAE04EC0-301F-11D3-BF4B-00C04F79EFBC}") = "Test011a", "Test011a\Test011a.csproj", "{46F27D66-8273-4B77-87F3-B8FA24EE98F6}"
EndProject
Project("{FAE04EC0-301F-11D3-BF4B-00C04F79EFBC}") = "Test011b", "Test011b\Test011b.csproj", "{B5A6A9E5-02A2-443A-9B5F-7B260421B991}"
EndProject
Global
	GlobalSection(SolutionConfigurationPlatforms) = preSolution
		Debug|Any CPU = Debug|Any CPU
		Release|Any CPU = Release|Any CPU
	EndGlobalSection
	GlobalSection(ProjectConfigurationPlatforms) = postSolution
		{46F27D66-8273-4B77-87F3-B8FA24EE98F6}.Debug|Any CPU.ActiveCfg = Debug|Any CPU
		{46F27D66-8273-4B77-87F3-B8FA24EE98F6}.Debug|Any CPU.Build.0 = Debug|Any CPU
		{46F27D66-8273-4B77-87F3-B8FA24EE98F6}.Release|Any CPU.ActiveCfg = Release|Any CPU
		{46F27D66-8273-4B77-87F3-B8FA24EE98F6}.Release|Any CPU.Build.0 = Release|Any CPU
		{B5A6A9E5-02A2-443A-9B5F-7B260421B991}.Debug|Any CPU.ActiveCfg = Debug|Any CPU
		{B5A6A9E5-02A2-443A-9B5F-7B260421B991}.Debug|Any CPU.Build.0 = Debug|Any CPU
		{B5A6A9E5-02A2-443A-9B5F-7B260421B991}.Release|Any CPU.ActiveCfg = Release|Any CPU
		{B5A6A9E5-02A2-443A-9B5F-7B260421B991}.Release|Any CPU.Build.0 = Release|Any CPU
	EndGlobalSection
	GlobalSection(SolutionProperties) = preSolution
		HideSolutionNode = FALSE
	EndGlobalSection
EndGlobal
