
Microsoft Visual Studio Solution File, Format Version 12.00
# Visual Studio 2013
VisualStudioVersion = 12.0.21005.1
MinimumVisualStudioVersion = 10.0.40219.1
Project("{FAE04EC0-301F-11D3-BF4B-00C04F79EFBC}") = "z004", "z004.csproj", "{02E76FD7-4932-44CD-ADB3-7F5FFEDAEF2F}"
EndProject
Global
	GlobalSection(SolutionConfigurationPlatforms) = preSolution
		Debug|Any CPU = Debug|Any CPU
		Release|Any CPU = Release|Any CPU
	EndGlobalSection
	GlobalSection(ProjectConfigurationPlatforms) = postSolution
		{02E76FD7-4932-44CD-ADB3-7F5FFEDAEF2F}.Debug|Any CPU.ActiveCfg = Debug|Any CPU
		{02E76FD7-4932-44CD-ADB3-7F5FFEDAEF2F}.Debug|Any CPU.Build.0 = Debug|Any CPU
		{02E76FD7-4932-44CD-ADB3-7F5FFEDAEF2F}.Release|Any CPU.ActiveCfg = Release|Any CPU
		{02E76FD7-4932-44CD-ADB3-7F5FFEDAEF2F}.Release|Any CPU.Build.0 = Release|Any CPU
	EndGlobalSection
	GlobalSection(SolutionProperties) = preSolution
		HideSolutionNode = FALSE
	EndGlobalSection
EndGlobal
