
Microsoft Visual Studio Solution File, Format Version 12.00
# Visual Studio 2013
VisualStudioVersion = 12.0.30723.0
MinimumVisualStudioVersion = 10.0.40219.1
Project("{FAE04EC0-301F-11D3-BF4B-00C04F79EFBC}") = "Server", "Server\Server.csproj", "{CDCA787C-D262-4206-8F03-B073B7C93103}"
EndProject
Project("{FAE04EC0-301F-11D3-BF4B-00C04F79EFBC}") = "Client", "Client\Client.csproj", "{8DDBFED0-B9D1-4101-BD6B-35392CA99CE1}"
EndProject
Global
	GlobalSection(SolutionConfigurationPlatforms) = preSolution
		Debug|Any CPU = Debug|Any CPU
		Release|Any CPU = Release|Any CPU
	EndGlobalSection
	GlobalSection(ProjectConfigurationPlatforms) = postSolution
		{CDCA787C-D262-4206-8F03-B073B7C93103}.Debug|Any CPU.ActiveCfg = Debug|Any CPU
		{CDCA787C-D262-4206-8F03-B073B7C93103}.Debug|Any CPU.Build.0 = Debug|Any CPU
		{CDCA787C-D262-4206-8F03-B073B7C93103}.Release|Any CPU.ActiveCfg = Release|Any CPU
		{CDCA787C-D262-4206-8F03-B073B7C93103}.Release|Any CPU.Build.0 = Release|Any CPU
		{8DDBFED0-B9D1-4101-BD6B-35392CA99CE1}.Debug|Any CPU.ActiveCfg = Debug|Any CPU
		{8DDBFED0-B9D1-4101-BD6B-35392CA99CE1}.Debug|Any CPU.Build.0 = Debug|Any CPU
		{8DDBFED0-B9D1-4101-BD6B-35392CA99CE1}.Release|Any CPU.ActiveCfg = Release|Any CPU
		{8DDBFED0-B9D1-4101-BD6B-35392CA99CE1}.Release|Any CPU.Build.0 = Release|Any CPU
	EndGlobalSection
	GlobalSection(SolutionProperties) = preSolution
		HideSolutionNode = FALSE
	EndGlobalSection
EndGlobal
