
Microsoft Visual Studio Solution File, Format Version 12.00
# Visual Studio 2013
VisualStudioVersion = 12.0.21005.1
MinimumVisualStudioVersion = 10.0.40219.1
Project("{FAE04EC0-301F-11D3-BF4B-00C04F79EFBC}") = "TcpChat", "TcpChat\TcpChat.csproj", "{DEC05DFF-AA48-4C4B-9067-D4F951F7773E}"
EndProject
Global
	GlobalSection(SolutionConfigurationPlatforms) = preSolution
		Debug|Any CPU = Debug|Any CPU
		Release|Any CPU = Release|Any CPU
	EndGlobalSection
	GlobalSection(ProjectConfigurationPlatforms) = postSolution
		{DEC05DFF-AA48-4C4B-9067-D4F951F7773E}.Debug|Any CPU.ActiveCfg = Debug|Any CPU
		{DEC05DFF-AA48-4C4B-9067-D4F951F7773E}.Debug|Any CPU.Build.0 = Debug|Any CPU
		{DEC05DFF-AA48-4C4B-9067-D4F951F7773E}.Release|Any CPU.ActiveCfg = Release|Any CPU
		{DEC05DFF-AA48-4C4B-9067-D4F951F7773E}.Release|Any CPU.Build.0 = Release|Any CPU
	EndGlobalSection
	GlobalSection(SolutionProperties) = preSolution
		HideSolutionNode = FALSE
	EndGlobalSection
EndGlobal
