
Microsoft Visual Studio Solution File, Format Version 12.00
# Visual Studio 2013
VisualStudioVersion = 12.0.30723.0
MinimumVisualStudioVersion = 10.0.40219.1
Project("{FAE04EC0-301F-11D3-BF4B-00C04F79EFBC}") = "Test009", "Test009\Test009.csproj", "{7CEB41CE-FDD8-4A0C-93EE-3853C11D217A}"
EndProject
Global
	GlobalSection(SolutionConfigurationPlatforms) = preSolution
		Debug|Any CPU = Debug|Any CPU
		Release|Any CPU = Release|Any CPU
	EndGlobalSection
	GlobalSection(ProjectConfigurationPlatforms) = postSolution
		{7CEB41CE-FDD8-4A0C-93EE-3853C11D217A}.Debug|Any CPU.ActiveCfg = Debug|Any CPU
		{7CEB41CE-FDD8-4A0C-93EE-3853C11D217A}.Debug|Any CPU.Build.0 = Debug|Any CPU
		{7CEB41CE-FDD8-4A0C-93EE-3853C11D217A}.Release|Any CPU.ActiveCfg = Release|Any CPU
		{7CEB41CE-FDD8-4A0C-93EE-3853C11D217A}.Release|Any CPU.Build.0 = Release|Any CPU
	EndGlobalSection
	GlobalSection(SolutionProperties) = preSolution
		HideSolutionNode = FALSE
	EndGlobalSection
EndGlobal
