
Microsoft Visual Studio Solution File, Format Version 10.00
# Visual Studio 2008
Project("{FAE04EC0-301F-11D3-BF4B-00C04F79EFBC}") = "test022", "test022\test022.csproj", "{D37DE167-B066-420D-A2EC-2378F0F121A9}"
EndProject
Global
	GlobalSection(SolutionConfigurationPlatforms) = preSolution
		Debug|Any CPU = Debug|Any CPU
		Release|Any CPU = Release|Any CPU
	EndGlobalSection
	GlobalSection(ProjectConfigurationPlatforms) = postSolution
		{D37DE167-B066-420D-A2EC-2378F0F121A9}.Debug|Any CPU.ActiveCfg = Debug|Any CPU
		{D37DE167-B066-420D-A2EC-2378F0F121A9}.Debug|Any CPU.Build.0 = Debug|Any CPU
		{D37DE167-B066-420D-A2EC-2378F0F121A9}.Release|Any CPU.ActiveCfg = Release|Any CPU
		{D37DE167-B066-420D-A2EC-2378F0F121A9}.Release|Any CPU.Build.0 = Release|Any CPU
	EndGlobalSection
	GlobalSection(SolutionProperties) = preSolution
		HideSolutionNode = FALSE
	EndGlobalSection
EndGlobal
