
Microsoft Visual Studio Solution File, Format Version 12.00
# Visual Studio 14
VisualStudioVersion = 14.0.24720.0
MinimumVisualStudioVersion = 10.0.40219.1
Project("{FAE04EC0-301F-11D3-BF4B-00C04F79EFBC}") = "MatrixOperations", "MatrixOperations\MatrixOperations.csproj", "{D4D9FE19-ADA3-4892-AB5F-CBD20ECE80EE}"
EndProject
Global
	GlobalSection(SolutionConfigurationPlatforms) = preSolution
		Debug|Any CPU = Debug|Any CPU
		Release|Any CPU = Release|Any CPU
	EndGlobalSection
	GlobalSection(ProjectConfigurationPlatforms) = postSolution
		{D4D9FE19-ADA3-4892-AB5F-CBD20ECE80EE}.Debug|Any CPU.ActiveCfg = Debug|Any CPU
		{D4D9FE19-ADA3-4892-AB5F-CBD20ECE80EE}.Debug|Any CPU.Build.0 = Debug|Any CPU
		{D4D9FE19-ADA3-4892-AB5F-CBD20ECE80EE}.Release|Any CPU.ActiveCfg = Release|Any CPU
		{D4D9FE19-ADA3-4892-AB5F-CBD20ECE80EE}.Release|Any CPU.Build.0 = Release|Any CPU
	EndGlobalSection
	GlobalSection(SolutionProperties) = preSolution
		HideSolutionNode = FALSE
	EndGlobalSection
EndGlobal
