
Microsoft Visual Studio Solution File, Format Version 12.00
# Visual Studio 2013
VisualStudioVersion = 12.0.21005.1
MinimumVisualStudioVersion = 10.0.40219.1
Project("{FAE04EC0-301F-11D3-BF4B-00C04F79EFBC}") = "Podstawy_1", "Podstawy_1_Id06IO2\Podstawy_1.csproj", "{6BFFC3DD-3F82-4B1A-B9F9-2DC96B9C480D}"
EndProject
Project("{FAE04EC0-301F-11D3-BF4B-00C04F79EFBC}") = "Podstawy_2", "Podstawy_2\Podstawy_2.csproj", "{04CFAE04-70D2-47A3-B273-596B136D7349}"
EndProject
Project("{FAE04EC0-301F-11D3-BF4B-00C04F79EFBC}") = "Podstawy_3", "Podstawy_3\Podstawy_3.csproj", "{2B1B4A95-EA8E-4BC7-8E2C-B8A40A353B03}"
EndProject
Project("{FAE04EC0-301F-11D3-BF4B-00C04F79EFBC}") = "Podstawy_4", "Podstawy_4\Podstawy_4.csproj", "{123EFAE6-4098-49AA-94F0-2879DE0A686A}"
EndProject
Global
	GlobalSection(SolutionConfigurationPlatforms) = preSolution
		Debug|Any CPU = Debug|Any CPU
		Release|Any CPU = Release|Any CPU
	EndGlobalSection
	GlobalSection(ProjectConfigurationPlatforms) = postSolution
		{6BFFC3DD-3F82-4B1A-B9F9-2DC96B9C480D}.Debug|Any CPU.ActiveCfg = Debug|Any CPU
		{6BFFC3DD-3F82-4B1A-B9F9-2DC96B9C480D}.Debug|Any CPU.Build.0 = Debug|Any CPU
		{6BFFC3DD-3F82-4B1A-B9F9-2DC96B9C480D}.Release|Any CPU.ActiveCfg = Release|Any CPU
		{6BFFC3DD-3F82-4B1A-B9F9-2DC96B9C480D}.Release|Any CPU.Build.0 = Release|Any CPU
		{04CFAE04-70D2-47A3-B273-596B136D7349}.Debug|Any CPU.ActiveCfg = Debug|Any CPU
		{04CFAE04-70D2-47A3-B273-596B136D7349}.Debug|Any CPU.Build.0 = Debug|Any CPU
		{04CFAE04-70D2-47A3-B273-596B136D7349}.Release|Any CPU.ActiveCfg = Release|Any CPU
		{04CFAE04-70D2-47A3-B273-596B136D7349}.Release|Any CPU.Build.0 = Release|Any CPU
		{2B1B4A95-EA8E-4BC7-8E2C-B8A40A353B03}.Debug|Any CPU.ActiveCfg = Debug|Any CPU
		{2B1B4A95-EA8E-4BC7-8E2C-B8A40A353B03}.Debug|Any CPU.Build.0 = Debug|Any CPU
		{2B1B4A95-EA8E-4BC7-8E2C-B8A40A353B03}.Release|Any CPU.ActiveCfg = Release|Any CPU
		{2B1B4A95-EA8E-4BC7-8E2C-B8A40A353B03}.Release|Any CPU.Build.0 = Release|Any CPU
		{123EFAE6-4098-49AA-94F0-2879DE0A686A}.Debug|Any CPU.ActiveCfg = Debug|Any CPU
		{123EFAE6-4098-49AA-94F0-2879DE0A686A}.Debug|Any CPU.Build.0 = Debug|Any CPU
		{123EFAE6-4098-49AA-94F0-2879DE0A686A}.Release|Any CPU.ActiveCfg = Release|Any CPU
		{123EFAE6-4098-49AA-94F0-2879DE0A686A}.Release|Any CPU.Build.0 = Release|Any CPU
	EndGlobalSection
	GlobalSection(SolutionProperties) = preSolution
		HideSolutionNode = FALSE
	EndGlobalSection
EndGlobal
