
Microsoft Visual Studio Solution File, Format Version 9.00
# Visual Studio 2005
Project("{FAE04EC0-301F-11D3-BF4B-00C04F79EFBC}") = "Mnozenie", "Mnozenie\Mnozenie.csproj", "{32AEEB45-26A0-4549-B5D1-8C49222ECF7B}"
EndProject
Global
	GlobalSection(SolutionConfigurationPlatforms) = preSolution
		Debug|Any CPU = Debug|Any CPU
		Release|Any CPU = Release|Any CPU
	EndGlobalSection
	GlobalSection(ProjectConfigurationPlatforms) = postSolution
		{32AEEB45-26A0-4549-B5D1-8C49222ECF7B}.Debug|Any CPU.ActiveCfg = Debug|Any CPU
		{32AEEB45-26A0-4549-B5D1-8C49222ECF7B}.Debug|Any CPU.Build.0 = Debug|Any CPU
		{32AEEB45-26A0-4549-B5D1-8C49222ECF7B}.Release|Any CPU.ActiveCfg = Release|Any CPU
		{32AEEB45-26A0-4549-B5D1-8C49222ECF7B}.Release|Any CPU.Build.0 = Release|Any CPU
	EndGlobalSection
	GlobalSection(SolutionProperties) = preSolution
		HideSolutionNode = FALSE
	EndGlobalSection
EndGlobal
