
Microsoft Visual Studio Solution File, Format Version 12.00
# Visual Studio Version 17
VisualStudioVersion = 17.6.33417.168
MinimumVisualStudioVersion = 10.0.40219.1
Project("{9A19103F-16F7-4668-BE54-9A1E7A4F7556}") = "WinFormsApp1", "WinFormsApp1\WinFormsApp1.csproj", "{DB647667-6891-43D3-8F3F-164ED8F5AC8B}"
EndProject
Project("{FAE04EC0-301F-11D3-BF4B-00C04F79EFBC}") = "WinFormsApp1Tests", "WinFormsApp1Tests\WinFormsApp1Tests.csproj", "{490BA42D-67DA-41F0-96AA-EFCF7889906E}"
EndProject
Global
	GlobalSection(SolutionConfigurationPlatforms) = preSolution
		Debug|Any CPU = Debug|Any CPU
		Release|Any CPU = Release|Any CPU
	EndGlobalSection
	GlobalSection(ProjectConfigurationPlatforms) = postSolution
		{DB647667-6891-43D3-8F3F-164ED8F5AC8B}.Debug|Any CPU.ActiveCfg = Debug|Any CPU
		{DB647667-6891-43D3-8F3F-164ED8F5AC8B}.Debug|Any CPU.Build.0 = Debug|Any CPU
		{DB647667-6891-43D3-8F3F-164ED8F5AC8B}.Release|Any CPU.ActiveCfg = Release|Any CPU
		{DB647667-6891-43D3-8F3F-164ED8F5AC8B}.Release|Any CPU.Build.0 = Release|Any CPU
		{490BA42D-67DA-41F0-96AA-EFCF7889906E}.Debug|Any CPU.ActiveCfg = Debug|Any CPU
		{490BA42D-67DA-41F0-96AA-EFCF7889906E}.Debug|Any CPU.Build.0 = Debug|Any CPU
		{490BA42D-67DA-41F0-96AA-EFCF7889906E}.Release|Any CPU.ActiveCfg = Release|Any CPU
		{490BA42D-67DA-41F0-96AA-EFCF7889906E}.Release|Any CPU.Build.0 = Release|Any CPU
	EndGlobalSection
	GlobalSection(SolutionProperties) = preSolution
		HideSolutionNode = FALSE
	EndGlobalSection
	GlobalSection(ExtensibilityGlobals) = postSolution
		SolutionGuid = {DB9E3141-B15C-4E1A-9F01-3BF13A022373}
	EndGlobalSection
EndGlobal
